
Microsoft Visual Studio Solution File, Format Version 12.00
# Visual Studio Version 16
VisualStudioVersion = 16.0.29709.97
MinimumVisualStudioVersion = 10.0.40219.1
Project("{FAE04EC0-301F-11D3-BF4B-00C04F79EFBC}") = "MapperTest", "MapperTest\MapperTest.csproj", "{3237020A-62FC-4584-A8CE-773C8DE94FC3}"
EndProject
Global
	GlobalSection(SolutionConfigurationPlatforms) = preSolution
		Debug|Any CPU = Debug|Any CPU
		Release|Any CPU = Release|Any CPU
	EndGlobalSection
	GlobalSection(ProjectConfigurationPlatforms) = postSolution
		{3237020A-62FC-4584-A8CE-773C8DE94FC3}.Debug|Any CPU.ActiveCfg = Debug|Any CPU
		{3237020A-62FC-4584-A8CE-773C8DE94FC3}.Debug|Any CPU.Build.0 = Debug|Any CPU
		{3237020A-62FC-4584-A8CE-773C8DE94FC3}.Release|Any CPU.ActiveCfg = Release|Any CPU
		{3237020A-62FC-4584-A8CE-773C8DE94FC3}.Release|Any CPU.Build.0 = Release|Any CPU
	EndGlobalSection
	GlobalSection(SolutionProperties) = preSolution
		HideSolutionNode = FALSE
	EndGlobalSection
	GlobalSection(ExtensibilityGlobals) = postSolution
		SolutionGuid = {2FDDAB86-52AA-4DF3-91CE-E03A2AD6B00B}
	EndGlobalSection
EndGlobal
